
Microsoft Visual Studio Solution File, Format Version 10.00
# Visual C++ Express 2008
Project("{8BC9CEB8-8B4A-11D0-8D11-00A0C91BC942}") = "visualib", "visualib.vcproj", "{4A1BC748-5DCA-448C-81B6-24B50282CF1A}"
EndProject
Global
	GlobalSection(SolutionConfigurationPlatforms) = preSolution
		Debug|Win32 = Debug|Win32
		Release|Win32 = Release|Win32
	EndGlobalSection
	GlobalSection(ProjectConfigurationPlatforms) = postSolution
		{4A1BC748-5DCA-448C-81B6-24B50282CF1A}.Debug|Win32.ActiveCfg = Debug|Win32
		{4A1BC748-5DCA-448C-81B6-24B50282CF1A}.Debug|Win32.Build.0 = Debug|Win32
		{4A1BC748-5DCA-448C-81B6-24B50282CF1A}.Release|Win32.ActiveCfg = Release|Win32
		{4A1BC748-5DCA-448C-81B6-24B50282CF1A}.Release|Win32.Build.0 = Release|Win32
	EndGlobalSection
	GlobalSection(SolutionProperties) = preSolution
		HideSolutionNode = FALSE
	EndGlobalSection
EndGlobal
